
Microsoft Visual Studio Solution File, Format Version 12.00
# Visual Studio Version 17
VisualStudioVersion = 17.7.34221.43
MinimumVisualStudioVersion = 10.0.40219.1
Project("{FAE04EC0-301F-11D3-BF4B-00C04F79EFBC}") = "MemoryLeak", "MemoryLeak\MemoryLeak.csproj", "{C2972138-68AE-4E6D-87DC-82217EA0EFB1}"
EndProject
Global
	GlobalSection(SolutionConfigurationPlatforms) = preSolution
		Debug|Any CPU = Debug|Any CPU
		Release|Any CPU = Release|Any CPU
	EndGlobalSection
	GlobalSection(ProjectConfigurationPlatforms) = postSolution
		{C2972138-68AE-4E6D-87DC-82217EA0EFB1}.Debug|Any CPU.ActiveCfg = Debug|Any CPU
		{C2972138-68AE-4E6D-87DC-82217EA0EFB1}.Debug|Any CPU.Build.0 = Debug|Any CPU
		{C2972138-68AE-4E6D-87DC-82217EA0EFB1}.Release|Any CPU.ActiveCfg = Release|Any CPU
		{C2972138-68AE-4E6D-87DC-82217EA0EFB1}.Release|Any CPU.Build.0 = Release|Any CPU
	EndGlobalSection
	GlobalSection(SolutionProperties) = preSolution
		HideSolutionNode = FALSE
	EndGlobalSection
	GlobalSection(ExtensibilityGlobals) = postSolution
		SolutionGuid = {6436E9AE-A338-4356-95A6-85B61C9BA35B}
	EndGlobalSection
EndGlobal
